
Microsoft Visual Studio Solution File, Format Version 12.00
# Visual Studio Version 17
VisualStudioVersion = 17.1.32210.238
MinimumVisualStudioVersion = 10.0.40219.1
Project("{9A19103F-16F7-4668-BE54-9A1E7A4F7556}") = "TeastEducationCenterUoW.Api", "TeastEducationCenterUoW.Api\TeastEducationCenterUoW.Api.csproj", "{F62F602E-5F46-41D8-960F-FFAAE2369858}"
EndProject
Project("{9A19103F-16F7-4668-BE54-9A1E7A4F7556}") = "TestEducationUow.Data", "TestEducationUow.Data\TestEducationUow.Data.csproj", "{6D1C9736-809F-476E-B339-679E102B6719}"
EndProject
Project("{9A19103F-16F7-4668-BE54-9A1E7A4F7556}") = "TestEducationUow.Domain", "TestEducationUow.Domain\TestEducationUow.Domain.csproj", "{798B1897-BF47-4399-AC08-D7591A630D68}"
EndProject
Project("{9A19103F-16F7-4668-BE54-9A1E7A4F7556}") = "TestEducationUow.Service", "TestEducationUow.Service\TestEducationUow.Service.csproj", "{77ED6505-81BD-41D5-9F4B-51D6368581C5}"
EndProject
Global
	GlobalSection(SolutionConfigurationPlatforms) = preSolution
		Debug|Any CPU = Debug|Any CPU
		Release|Any CPU = Release|Any CPU
	EndGlobalSection
	GlobalSection(ProjectConfigurationPlatforms) = postSolution
		{F62F602E-5F46-41D8-960F-FFAAE2369858}.Debug|Any CPU.ActiveCfg = Debug|Any CPU
		{F62F602E-5F46-41D8-960F-FFAAE2369858}.Debug|Any CPU.Build.0 = Debug|Any CPU
		{F62F602E-5F46-41D8-960F-FFAAE2369858}.Release|Any CPU.ActiveCfg = Release|Any CPU
		{F62F602E-5F46-41D8-960F-FFAAE2369858}.Release|Any CPU.Build.0 = Release|Any CPU
		{6D1C9736-809F-476E-B339-679E102B6719}.Debug|Any CPU.ActiveCfg = Debug|Any CPU
		{6D1C9736-809F-476E-B339-679E102B6719}.Debug|Any CPU.Build.0 = Debug|Any CPU
		{6D1C9736-809F-476E-B339-679E102B6719}.Release|Any CPU.ActiveCfg = Release|Any CPU
		{6D1C9736-809F-476E-B339-679E102B6719}.Release|Any CPU.Build.0 = Release|Any CPU
		{798B1897-BF47-4399-AC08-D7591A630D68}.Debug|Any CPU.ActiveCfg = Debug|Any CPU
		{798B1897-BF47-4399-AC08-D7591A630D68}.Debug|Any CPU.Build.0 = Debug|Any CPU
		{798B1897-BF47-4399-AC08-D7591A630D68}.Release|Any CPU.ActiveCfg = Release|Any CPU
		{798B1897-BF47-4399-AC08-D7591A630D68}.Release|Any CPU.Build.0 = Release|Any CPU
		{77ED6505-81BD-41D5-9F4B-51D6368581C5}.Debug|Any CPU.ActiveCfg = Debug|Any CPU
		{77ED6505-81BD-41D5-9F4B-51D6368581C5}.Debug|Any CPU.Build.0 = Debug|Any CPU
		{77ED6505-81BD-41D5-9F4B-51D6368581C5}.Release|Any CPU.ActiveCfg = Release|Any CPU
		{77ED6505-81BD-41D5-9F4B-51D6368581C5}.Release|Any CPU.Build.0 = Release|Any CPU
	EndGlobalSection
	GlobalSection(SolutionProperties) = preSolution
		HideSolutionNode = FALSE
	EndGlobalSection
	GlobalSection(ExtensibilityGlobals) = postSolution
		SolutionGuid = {CFEACC80-EA39-448C-83A1-1645D58FB468}
	EndGlobalSection
EndGlobal
